{
  "name": "query-builder",
  "version": "1.0.0",
  "lockfileVersion": 1,
  "requires": true,
  "dependencies": {
    "lodash": {
      "version": "4.17.21",
      "resolved": "https://registry.npmjs.org/lodash/-/lodash-4.17.21.tgz",
      "integrity": "sha512-v2kDEe57lecTulaDIuNTPy3Ry4gLGJ6Z1O3vE1krgXZNrsQ+LFTGHVxVjcXPs17LhbZVGedAJv8XZ1tvj5FvSg=="
    },
    "react-resize-detector": {
      "version": "8.0.4",
      "resolved": "https://registry.npmjs.org/react-resize-detector/-/react-resize-detector-8.0.4.tgz",
      "integrity": "sha512-ln9pMAob8y8mc9UI4aZuuWFiyMqBjnTs/sxe9Vs9dPXUjwCTeKK1FP8I75ufnb/2mEEZXG6wOo/fjMcBRRuAXw==",
      "requires": {
        "lodash": "^4.17.21"
      }
    }
  }
}
